
Microsoft Visual Studio Solution File, Format Version 12.00
# Visual Studio Version 17
VisualStudioVersion = 17.9.34728.123
MinimumVisualStudioVersion = 10.0.40219.1
Project("{FAE04EC0-301F-11D3-BF4B-00C04F79EFBC}") = "CountryManagment", "CountryManagment\CountryManagment.csproj", "{B925DE30-F21A-4EEC-BACA-01627028A4F5}"
EndProject
Project("{FAE04EC0-301F-11D3-BF4B-00C04F79EFBC}") = "CountryManagment.Tests.Unit", "CountryManagment.Tests.Unit\CountryManagment.Tests.Unit.csproj", "{C5248A51-15B8-4541-9806-0152AE516E93}"
EndProject
Global
	GlobalSection(SolutionConfigurationPlatforms) = preSolution
		Debug|Any CPU = Debug|Any CPU
		Release|Any CPU = Release|Any CPU
	EndGlobalSection
	GlobalSection(ProjectConfigurationPlatforms) = postSolution
		{B925DE30-F21A-4EEC-BACA-01627028A4F5}.Debug|Any CPU.ActiveCfg = Debug|Any CPU
		{B925DE30-F21A-4EEC-BACA-01627028A4F5}.Debug|Any CPU.Build.0 = Debug|Any CPU
		{B925DE30-F21A-4EEC-BACA-01627028A4F5}.Release|Any CPU.ActiveCfg = Release|Any CPU
		{B925DE30-F21A-4EEC-BACA-01627028A4F5}.Release|Any CPU.Build.0 = Release|Any CPU
		{C5248A51-15B8-4541-9806-0152AE516E93}.Debug|Any CPU.ActiveCfg = Debug|Any CPU
		{C5248A51-15B8-4541-9806-0152AE516E93}.Debug|Any CPU.Build.0 = Debug|Any CPU
		{C5248A51-15B8-4541-9806-0152AE516E93}.Release|Any CPU.ActiveCfg = Release|Any CPU
		{C5248A51-15B8-4541-9806-0152AE516E93}.Release|Any CPU.Build.0 = Release|Any CPU
	EndGlobalSection
	GlobalSection(SolutionProperties) = preSolution
		HideSolutionNode = FALSE
	EndGlobalSection
	GlobalSection(ExtensibilityGlobals) = postSolution
		SolutionGuid = {C1A6A9AC-928E-4A82-BFE8-726629B38DF6}
	EndGlobalSection
EndGlobal
