
Microsoft Visual Studio Solution File, Format Version 12.00
# Visual Studio Version 17
VisualStudioVersion = 17.9.34728.123
MinimumVisualStudioVersion = 10.0.40219.1
Project("{9A19103F-16F7-4668-BE54-9A1E7A4F7556}") = "CountryManagment", "CountryManagment\CountryManagment.csproj", "{B925DE30-F21A-4EEC-BACA-01627028A4F5}"
EndProject
Project("{9A19103F-16F7-4668-BE54-9A1E7A4F7556}") = "CountryManagment.Tests.Unit", "CountryManagment.Tests.Unit\CountryManagment.Tests.Unit.csproj", "{C5248A51-15B8-4541-9806-0152AE516E93}"
EndProject
Project("{9A19103F-16F7-4668-BE54-9A1E7A4F7556}") = "Entities", "Entities\Entities.csproj", "{18290225-2BC5-4FAD-8492-7010720237AA}"
EndProject
Project("{9A19103F-16F7-4668-BE54-9A1E7A4F7556}") = "ServiceContracts", "ServiceContracts\ServiceContracts.csproj", "{BA4F6CA9-EBA5-4C76-8CBE-36751176F4E9}"
EndProject
Project("{FAE04EC0-301F-11D3-BF4B-00C04F79EFBC}") = "Services", "Services\Services.csproj", "{58F8D6C5-CBF9-4539-B23C-88A7AE598895}"
EndProject
Global
	GlobalSection(SolutionConfigurationPlatforms) = preSolution
		Debug|Any CPU = Debug|Any CPU
		Release|Any CPU = Release|Any CPU
	EndGlobalSection
	GlobalSection(ProjectConfigurationPlatforms) = postSolution
		{B925DE30-F21A-4EEC-BACA-01627028A4F5}.Debug|Any CPU.ActiveCfg = Debug|Any CPU
		{B925DE30-F21A-4EEC-BACA-01627028A4F5}.Debug|Any CPU.Build.0 = Debug|Any CPU
		{B925DE30-F21A-4EEC-BACA-01627028A4F5}.Release|Any CPU.ActiveCfg = Release|Any CPU
		{B925DE30-F21A-4EEC-BACA-01627028A4F5}.Release|Any CPU.Build.0 = Release|Any CPU
		{C5248A51-15B8-4541-9806-0152AE516E93}.Debug|Any CPU.ActiveCfg = Debug|Any CPU
		{C5248A51-15B8-4541-9806-0152AE516E93}.Debug|Any CPU.Build.0 = Debug|Any CPU
		{C5248A51-15B8-4541-9806-0152AE516E93}.Release|Any CPU.ActiveCfg = Release|Any CPU
		{C5248A51-15B8-4541-9806-0152AE516E93}.Release|Any CPU.Build.0 = Release|Any CPU
		{18290225-2BC5-4FAD-8492-7010720237AA}.Debug|Any CPU.ActiveCfg = Debug|Any CPU
		{18290225-2BC5-4FAD-8492-7010720237AA}.Debug|Any CPU.Build.0 = Debug|Any CPU
		{18290225-2BC5-4FAD-8492-7010720237AA}.Release|Any CPU.ActiveCfg = Release|Any CPU
		{18290225-2BC5-4FAD-8492-7010720237AA}.Release|Any CPU.Build.0 = Release|Any CPU
		{BA4F6CA9-EBA5-4C76-8CBE-36751176F4E9}.Debug|Any CPU.ActiveCfg = Debug|Any CPU
		{BA4F6CA9-EBA5-4C76-8CBE-36751176F4E9}.Debug|Any CPU.Build.0 = Debug|Any CPU
		{BA4F6CA9-EBA5-4C76-8CBE-36751176F4E9}.Release|Any CPU.ActiveCfg = Release|Any CPU
		{BA4F6CA9-EBA5-4C76-8CBE-36751176F4E9}.Release|Any CPU.Build.0 = Release|Any CPU
		{58F8D6C5-CBF9-4539-B23C-88A7AE598895}.Debug|Any CPU.ActiveCfg = Debug|Any CPU
		{58F8D6C5-CBF9-4539-B23C-88A7AE598895}.Debug|Any CPU.Build.0 = Debug|Any CPU
		{58F8D6C5-CBF9-4539-B23C-88A7AE598895}.Release|Any CPU.ActiveCfg = Release|Any CPU
		{58F8D6C5-CBF9-4539-B23C-88A7AE598895}.Release|Any CPU.Build.0 = Release|Any CPU
	EndGlobalSection
	GlobalSection(SolutionProperties) = preSolution
		HideSolutionNode = FALSE
	EndGlobalSection
	GlobalSection(ExtensibilityGlobals) = postSolution
		SolutionGuid = {C1A6A9AC-928E-4A82-BFE8-726629B38DF6}
	EndGlobalSection
EndGlobal
